
Microsoft Visual Studio Solution File, Format Version 12.00
# Visual Studio Version 17
VisualStudioVersion = 17.5.33627.172
MinimumVisualStudioVersion = 10.0.40219.1
Project("{FAE04EC0-301F-11D3-BF4B-00C04F79EFBC}") = "Пр. 01.06.2023 Ресурсы, триггеры", "Пр. 01.06.2023 Ресурсы, триггеры\Пр. 01.06.2023 Ресурсы, триггеры.csproj", "{80BB18FB-2447-452B-B89D-A704900AD865}"
EndProject
Project("{FAE04EC0-301F-11D3-BF4B-00C04F79EFBC}") = "Практика Ресурсы", "Практика Ресурсы\Практика Ресурсы.csproj", "{3A8959EE-252B-4684-9663-10AA36AE7816}"
EndProject
Project("{FAE04EC0-301F-11D3-BF4B-00C04F79EFBC}") = "Триггеры", "Триггеры\Триггеры.csproj", "{3676083E-1632-430A-968A-C7EB05838EED}"
EndProject
Global
	GlobalSection(SolutionConfigurationPlatforms) = preSolution
		Debug|Any CPU = Debug|Any CPU
		Release|Any CPU = Release|Any CPU
	EndGlobalSection
	GlobalSection(ProjectConfigurationPlatforms) = postSolution
		{80BB18FB-2447-452B-B89D-A704900AD865}.Debug|Any CPU.ActiveCfg = Debug|Any CPU
		{80BB18FB-2447-452B-B89D-A704900AD865}.Debug|Any CPU.Build.0 = Debug|Any CPU
		{80BB18FB-2447-452B-B89D-A704900AD865}.Release|Any CPU.ActiveCfg = Release|Any CPU
		{80BB18FB-2447-452B-B89D-A704900AD865}.Release|Any CPU.Build.0 = Release|Any CPU
		{3A8959EE-252B-4684-9663-10AA36AE7816}.Debug|Any CPU.ActiveCfg = Debug|Any CPU
		{3A8959EE-252B-4684-9663-10AA36AE7816}.Debug|Any CPU.Build.0 = Debug|Any CPU
		{3A8959EE-252B-4684-9663-10AA36AE7816}.Release|Any CPU.ActiveCfg = Release|Any CPU
		{3A8959EE-252B-4684-9663-10AA36AE7816}.Release|Any CPU.Build.0 = Release|Any CPU
		{3676083E-1632-430A-968A-C7EB05838EED}.Debug|Any CPU.ActiveCfg = Debug|Any CPU
		{3676083E-1632-430A-968A-C7EB05838EED}.Debug|Any CPU.Build.0 = Debug|Any CPU
		{3676083E-1632-430A-968A-C7EB05838EED}.Release|Any CPU.ActiveCfg = Release|Any CPU
		{3676083E-1632-430A-968A-C7EB05838EED}.Release|Any CPU.Build.0 = Release|Any CPU
	EndGlobalSection
	GlobalSection(SolutionProperties) = preSolution
		HideSolutionNode = FALSE
	EndGlobalSection
	GlobalSection(ExtensibilityGlobals) = postSolution
		SolutionGuid = {A48F3441-6394-4D82-A0C7-34FE792E0087}
	EndGlobalSection
EndGlobal
