
Microsoft Visual Studio Solution File, Format Version 12.00
# Visual Studio Version 17
VisualStudioVersion = 17.5.33516.290
MinimumVisualStudioVersion = 10.0.40219.1
Project("{FAE04EC0-301F-11D3-BF4B-00C04F79EFBC}") = "Ex.1", "ДЗ 21.04.2023 Введение в WinForms\Ex.1.csproj", "{2653B8BC-A223-416F-B73C-588DC2FDAACC}"
EndProject
Project("{FAE04EC0-301F-11D3-BF4B-00C04F79EFBC}") = "Ex.2", "Ex.2\Ex.2.csproj", "{A6ABD8B6-2617-4B10-B93F-AD8137271FB3}"
EndProject
Project("{FAE04EC0-301F-11D3-BF4B-00C04F79EFBC}") = "Ex.3", "Ex.3\Ex.3.csproj", "{E32E6498-C933-47F7-AFE8-D8E26CF7A6FD}"
EndProject
Global
	GlobalSection(SolutionConfigurationPlatforms) = preSolution
		Debug|Any CPU = Debug|Any CPU
		Release|Any CPU = Release|Any CPU
	EndGlobalSection
	GlobalSection(ProjectConfigurationPlatforms) = postSolution
		{2653B8BC-A223-416F-B73C-588DC2FDAACC}.Debug|Any CPU.ActiveCfg = Debug|Any CPU
		{2653B8BC-A223-416F-B73C-588DC2FDAACC}.Debug|Any CPU.Build.0 = Debug|Any CPU
		{2653B8BC-A223-416F-B73C-588DC2FDAACC}.Release|Any CPU.ActiveCfg = Release|Any CPU
		{2653B8BC-A223-416F-B73C-588DC2FDAACC}.Release|Any CPU.Build.0 = Release|Any CPU
		{A6ABD8B6-2617-4B10-B93F-AD8137271FB3}.Debug|Any CPU.ActiveCfg = Debug|Any CPU
		{A6ABD8B6-2617-4B10-B93F-AD8137271FB3}.Debug|Any CPU.Build.0 = Debug|Any CPU
		{A6ABD8B6-2617-4B10-B93F-AD8137271FB3}.Release|Any CPU.ActiveCfg = Release|Any CPU
		{A6ABD8B6-2617-4B10-B93F-AD8137271FB3}.Release|Any CPU.Build.0 = Release|Any CPU
		{E32E6498-C933-47F7-AFE8-D8E26CF7A6FD}.Debug|Any CPU.ActiveCfg = Debug|Any CPU
		{E32E6498-C933-47F7-AFE8-D8E26CF7A6FD}.Debug|Any CPU.Build.0 = Debug|Any CPU
		{E32E6498-C933-47F7-AFE8-D8E26CF7A6FD}.Release|Any CPU.ActiveCfg = Release|Any CPU
		{E32E6498-C933-47F7-AFE8-D8E26CF7A6FD}.Release|Any CPU.Build.0 = Release|Any CPU
	EndGlobalSection
	GlobalSection(SolutionProperties) = preSolution
		HideSolutionNode = FALSE
	EndGlobalSection
	GlobalSection(ExtensibilityGlobals) = postSolution
		SolutionGuid = {DE557BD4-B3BE-482F-82D0-2D8A9F2A6BAD}
	EndGlobalSection
EndGlobal
